
Microsoft Visual Studio Solution File, Format Version 12.00
# Visual Studio 2012
Project("{8BC9CEB8-8B4A-11D0-8D11-00A0C91BC942}") = "Server_Socket", "Server_Socket\Server_Socket.vcxproj", "{45CD34DB-6B96-49D9-934F-DC7D4465308F}"
EndProject
Global
	GlobalSection(SolutionConfigurationPlatforms) = preSolution
		Debug|Win32 = Debug|Win32
		Release|Win32 = Release|Win32
	EndGlobalSection
	GlobalSection(ProjectConfigurationPlatforms) = postSolution
		{45CD34DB-6B96-49D9-934F-DC7D4465308F}.Debug|Win32.ActiveCfg = Debug|Win32
		{45CD34DB-6B96-49D9-934F-DC7D4465308F}.Debug|Win32.Build.0 = Debug|Win32
		{45CD34DB-6B96-49D9-934F-DC7D4465308F}.Release|Win32.ActiveCfg = Release|Win32
		{45CD34DB-6B96-49D9-934F-DC7D4465308F}.Release|Win32.Build.0 = Release|Win32
	EndGlobalSection
	GlobalSection(SolutionProperties) = preSolution
		HideSolutionNode = FALSE
	EndGlobalSection
EndGlobal
